
Microsoft Visual Studio Solution File, Format Version 12.00
# Visual Studio 15
VisualStudioVersion = 15.0.27703.2026
MinimumVisualStudioVersion = 10.0.40219.1
Project("{FAE04EC0-301F-11D3-BF4B-00C04F79EFBC}") = "Xalarwse", "Xalarwse\Xalarwse.csproj", "{81A38EEA-8CC3-4D77-8A4D-C3712A93F994}"
EndProject
Global
	GlobalSection(SolutionConfigurationPlatforms) = preSolution
		Debug|Any CPU = Debug|Any CPU
		Release|Any CPU = Release|Any CPU
	EndGlobalSection
	GlobalSection(ProjectConfigurationPlatforms) = postSolution
		{81A38EEA-8CC3-4D77-8A4D-C3712A93F994}.Debug|Any CPU.ActiveCfg = Debug|Any CPU
		{81A38EEA-8CC3-4D77-8A4D-C3712A93F994}.Debug|Any CPU.Build.0 = Debug|Any CPU
		{81A38EEA-8CC3-4D77-8A4D-C3712A93F994}.Release|Any CPU.ActiveCfg = Release|Any CPU
		{81A38EEA-8CC3-4D77-8A4D-C3712A93F994}.Release|Any CPU.Build.0 = Release|Any CPU
	EndGlobalSection
	GlobalSection(SolutionProperties) = preSolution
		HideSolutionNode = FALSE
	EndGlobalSection
	GlobalSection(ExtensibilityGlobals) = postSolution
		SolutionGuid = {F009D7E7-B5DB-4AFD-9F57-243A5724C4C4}
	EndGlobalSection
EndGlobal
